// !$*UTF8*$!
{
	archiveVersion = 1;
	classes = {
	};
	objectVersion = 46;
	objects = {

/* Begin PBXBuildFile section */
		77063EC71AEAA70E004DFBF8 /* LoggedInViewController.swift in Sources */ = {isa = PBXBuildFile; fileRef = 77063EC61AEAA70E004DFBF8 /* LoggedInViewController.swift */; };
		7762E8231AE9159D00D8DA97 /* AppDelegate.swift in Sources */ = {isa = PBXBuildFile; fileRef = 7762E8221AE9159D00D8DA97 /* AppDelegate.swift */; };
		7762E8251AE9159D00D8DA97 /* ViewController.swift in Sources */ = {isa = PBXBuildFile; fileRef = 7762E8241AE9159D00D8DA97 /* ViewController.swift */; };
		7762E8281AE9159D00D8DA97 /* Main.storyboard in Resources */ = {isa = PBXBuildFile; fileRef = 7762E8261AE9159D00D8DA97 /* Main.storyboard */; };
		7762E82A1AE9159D00D8DA97 /* Images.xcassets in Resources */ = {isa = PBXBuildFile; fileRef = 7762E8291AE9159D00D8DA97 /* Images.xcassets */; };
		7762E82D1AE9159D00D8DA97 /* LaunchScreen.xib in Resources */ = {isa = PBXBuildFile; fileRef = 7762E82B1AE9159D00D8DA97 /* LaunchScreen.xib */; };
		7762E8391AE9159D00D8DA97 /* SnapAppTests.swift in Sources */ = {isa = PBXBuildFile; fileRef = 7762E8381AE9159D00D8DA97 /* SnapAppTests.swift */; };
		7762E8481AE915E400D8DA97 /* Bolts.framework in Frameworks */ = {isa = PBXBuildFile; fileRef = 7762E8421AE915E400D8DA97 /* Bolts.framework */; };
		7762E8491AE915E400D8DA97 /* Parse.framework in Frameworks */ = {isa = PBXBuildFile; fileRef = 7762E8431AE915E400D8DA97 /* Parse.framework */; };
		7762E84A1AE915E400D8DA97 /* ParseCrashReporting.framework in Frameworks */ = {isa = PBXBuildFile; fileRef = 7762E8441AE915E400D8DA97 /* ParseCrashReporting.framework */; };
		7762E84B1AE915E400D8DA97 /* ParseFacebookUtils.framework in Frameworks */ = {isa = PBXBuildFile; fileRef = 7762E8451AE915E400D8DA97 /* ParseFacebookUtils.framework */; };
		7762E84C1AE915E400D8DA97 /* ParseFacebookUtilsV4.framework in Frameworks */ = {isa = PBXBuildFile; fileRef = 7762E8461AE915E400D8DA97 /* ParseFacebookUtilsV4.framework */; };
		7762E84D1AE915E400D8DA97 /* ParseUI.framework in Frameworks */ = {isa = PBXBuildFile; fileRef = 7762E8471AE915E400D8DA97 /* ParseUI.framework */; };
		7762E84F1AE9161400D8DA97 /* AudioToolbox.framework in Frameworks */ = {isa = PBXBuildFile; fileRef = 7762E84E1AE9161400D8DA97 /* AudioToolbox.framework */; };
		7762E8511AE9161B00D8DA97 /* CFNetwork.framework in Frameworks */ = {isa = PBXBuildFile; fileRef = 7762E8501AE9161B00D8DA97 /* CFNetwork.framework */; };
		7762E8531AE9162900D8DA97 /* CoreGraphics.framework in Frameworks */ = {isa = PBXBuildFile; fileRef = 7762E8521AE9162900D8DA97 /* CoreGraphics.framework */; };
		7762E8551AE9163300D8DA97 /* CoreLocation.framework in Frameworks */ = {isa = PBXBuildFile; fileRef = 7762E8541AE9163300D8DA97 /* CoreLocation.framework */; };
		7762E8571AE9164A00D8DA97 /* MobileCoreServices.framework in Frameworks */ = {isa = PBXBuildFile; fileRef = 7762E8561AE9164A00D8DA97 /* MobileCoreServices.framework */; };
		7762E8591AE9165600D8DA97 /* QuartzCore.framework in Frameworks */ = {isa = PBXBuildFile; fileRef = 7762E8581AE9165600D8DA97 /* QuartzCore.framework */; };
		7762E85B1AE9166400D8DA97 /* Security.framework in Frameworks */ = {isa = PBXBuildFile; fileRef = 7762E85A1AE9166400D8DA97 /* Security.framework */; };
		7762E85D1AE9166B00D8DA97 /* StoreKit.framework in Frameworks */ = {isa = PBXBuildFile; fileRef = 7762E85C1AE9166B00D8DA97 /* StoreKit.framework */; };
		7762E85F1AE9167C00D8DA97 /* SystemConfiguration.framework in Frameworks */ = {isa = PBXBuildFile; fileRef = 7762E85E1AE9167C00D8DA97 /* SystemConfiguration.framework */; };
		7762E8611AE9169100D8DA97 /* libz.dylib in Frameworks */ = {isa = PBXBuildFile; fileRef = 7762E8601AE9169100D8DA97 /* libz.dylib */; };
		7762E8631AE916A600D8DA97 /* libsqlite3.dylib in Frameworks */ = {isa = PBXBuildFile; fileRef = 7762E8621AE916A600D8DA97 /* libsqlite3.dylib */; };
		7762E8711AE9182800D8DA97 /* InterfaceController.swift in Sources */ = {isa = PBXBuildFile; fileRef = 7762E8701AE9182800D8DA97 /* InterfaceController.swift */; };
		7762E8731AE9182800D8DA97 /* NotificationController.swift in Sources */ = {isa = PBXBuildFile; fileRef = 7762E8721AE9182800D8DA97 /* NotificationController.swift */; };
		7762E8751AE9182800D8DA97 /* Images.xcassets in Resources */ = {isa = PBXBuildFile; fileRef = 7762E8741AE9182800D8DA97 /* Images.xcassets */; };
		7762E8791AE9182800D8DA97 /* SnapApp WatchKit App.app in Resources */ = {isa = PBXBuildFile; fileRef = 7762E8781AE9182800D8DA97 /* SnapApp WatchKit App.app */; };
		7762E8811AE9182800D8DA97 /* Interface.storyboard in Resources */ = {isa = PBXBuildFile; fileRef = 7762E87F1AE9182800D8DA97 /* Interface.storyboard */; };
		7762E8831AE9182800D8DA97 /* Images.xcassets in Resources */ = {isa = PBXBuildFile; fileRef = 7762E8821AE9182800D8DA97 /* Images.xcassets */; };
		7762E8871AE9182800D8DA97 /* SnapApp WatchKit Extension.appex in Embed App Extensions */ = {isa = PBXBuildFile; fileRef = 7762E86B1AE9182800D8DA97 /* SnapApp WatchKit Extension.appex */; settings = {ATTRIBUTES = (RemoveHeadersOnCopy, ); }; };
		779CF8031AEDEED50010434B /* tableInterfaceController.swift in Sources */ = {isa = PBXBuildFile; fileRef = 779CF8021AEDEED50010434B /* tableInterfaceController.swift */; };
		779CF8051AEDF0250010434B /* tableRowController.swift in Sources */ = {isa = PBXBuildFile; fileRef = 779CF8041AEDF0250010434B /* tableRowController.swift */; };
/* End PBXBuildFile section */

/* Begin PBXContainerItemProxy section */
		7762E8331AE9159D00D8DA97 /* PBXContainerItemProxy */ = {
			isa = PBXContainerItemProxy;
			containerPortal = 7762E8151AE9159D00D8DA97 /* Project object */;
			proxyType = 1;
			remoteGlobalIDString = 7762E81C1AE9159D00D8DA97;
			remoteInfo = SnapApp;
		};
		7762E87A1AE9182800D8DA97 /* PBXContainerItemProxy */ = {
			isa = PBXContainerItemProxy;
			containerPortal = 7762E8151AE9159D00D8DA97 /* Project object */;
			proxyType = 1;
			remoteGlobalIDString = 7762E8771AE9182800D8DA97;
			remoteInfo = "SnapApp WatchKit App";
		};
		7762E8841AE9182800D8DA97 /* PBXContainerItemProxy */ = {
			isa = PBXContainerItemProxy;
			containerPortal = 7762E8151AE9159D00D8DA97 /* Project object */;
			proxyType = 1;
			remoteGlobalIDString = 7762E86A1AE9182800D8DA97;
			remoteInfo = "SnapApp WatchKit Extension";
		};
/* End PBXContainerItemProxy section */

/* Begin PBXCopyFilesBuildPhase section */
		7762E8861AE9182800D8DA97 /* Embed App Extensions */ = {
			isa = PBXCopyFilesBuildPhase;
			buildActionMask = 2147483647;
			dstPath = "";
			dstSubfolderSpec = 13;
			files = (
				7762E8871AE9182800D8DA97 /* SnapApp WatchKit Extension.appex in Embed App Extensions */,
			);
			name = "Embed App Extensions";
			runOnlyForDeploymentPostprocessing = 0;
		};
/* End PBXCopyFilesBuildPhase section */

/* Begin PBXFileReference section */
		77063EC61AEAA70E004DFBF8 /* LoggedInViewController.swift */ = {isa = PBXFileReference; fileEncoding = 4; lastKnownFileType = sourcecode.swift; path = LoggedInViewController.swift; sourceTree = "<group>"; };
		7762E81D1AE9159D00D8DA97 /* SnapApp.app */ = {isa = PBXFileReference; explicitFileType = wrapper.application; includeInIndex = 0; path = SnapApp.app; sourceTree = BUILT_PRODUCTS_DIR; };
		7762E8211AE9159D00D8DA97 /* Info.plist */ = {isa = PBXFileReference; lastKnownFileType = text.plist.xml; path = Info.plist; sourceTree = "<group>"; };
		7762E8221AE9159D00D8DA97 /* AppDelegate.swift */ = {isa = PBXFileReference; lastKnownFileType = sourcecode.swift; path = AppDelegate.swift; sourceTree = "<group>"; };
		7762E8241AE9159D00D8DA97 /* ViewController.swift */ = {isa = PBXFileReference; lastKnownFileType = sourcecode.swift; path = ViewController.swift; sourceTree = "<group>"; };
		7762E8271AE9159D00D8DA97 /* Base */ = {isa = PBXFileReference; lastKnownFileType = file.storyboard; name = Base; path = Base.lproj/Main.storyboard; sourceTree = "<group>"; };
		7762E8291AE9159D00D8DA97 /* Images.xcassets */ = {isa = PBXFileReference; lastKnownFileType = folder.assetcatalog; path = Images.xcassets; sourceTree = "<group>"; };
		7762E82C1AE9159D00D8DA97 /* Base */ = {isa = PBXFileReference; lastKnownFileType = file.xib; name = Base; path = Base.lproj/LaunchScreen.xib; sourceTree = "<group>"; };
		7762E8321AE9159D00D8DA97 /* SnapAppTests.xctest */ = {isa = PBXFileReference; explicitFileType = wrapper.cfbundle; includeInIndex = 0; path = SnapAppTests.xctest; sourceTree = BUILT_PRODUCTS_DIR; };
		7762E8371AE9159D00D8DA97 /* Info.plist */ = {isa = PBXFileReference; lastKnownFileType = text.plist.xml; path = Info.plist; sourceTree = "<group>"; };
		7762E8381AE9159D00D8DA97 /* SnapAppTests.swift */ = {isa = PBXFileReference; lastKnownFileType = sourcecode.swift; path = SnapAppTests.swift; sourceTree = "<group>"; };
		7762E8421AE915E400D8DA97 /* Bolts.framework */ = {isa = PBXFileReference; lastKnownFileType = wrapper.framework; path = Bolts.framework; sourceTree = "<group>"; };
		7762E8431AE915E400D8DA97 /* Parse.framework */ = {isa = PBXFileReference; lastKnownFileType = wrapper.framework; path = Parse.framework; sourceTree = "<group>"; };
		7762E8441AE915E400D8DA97 /* ParseCrashReporting.framework */ = {isa = PBXFileReference; lastKnownFileType = wrapper.framework; path = ParseCrashReporting.framework; sourceTree = "<group>"; };
		7762E8451AE915E400D8DA97 /* ParseFacebookUtils.framework */ = {isa = PBXFileReference; lastKnownFileType = wrapper.framework; path = ParseFacebookUtils.framework; sourceTree = "<group>"; };
		7762E8461AE915E400D8DA97 /* ParseFacebookUtilsV4.framework */ = {isa = PBXFileReference; lastKnownFileType = wrapper.framework; path = ParseFacebookUtilsV4.framework; sourceTree = "<group>"; };
		7762E8471AE915E400D8DA97 /* ParseUI.framework */ = {isa = PBXFileReference; lastKnownFileType = wrapper.framework; path = ParseUI.framework; sourceTree = "<group>"; };
		7762E84E1AE9161400D8DA97 /* AudioToolbox.framework */ = {isa = PBXFileReference; lastKnownFileType = wrapper.framework; name = AudioToolbox.framework; path = System/Library/Frameworks/AudioToolbox.framework; sourceTree = SDKROOT; };
		7762E8501AE9161B00D8DA97 /* CFNetwork.framework */ = {isa = PBXFileReference; lastKnownFileType = wrapper.framework; name = CFNetwork.framework; path = System/Library/Frameworks/CFNetwork.framework; sourceTree = SDKROOT; };
		7762E8521AE9162900D8DA97 /* CoreGraphics.framework */ = {isa = PBXFileReference; lastKnownFileType = wrapper.framework; name = CoreGraphics.framework; path = System/Library/Frameworks/CoreGraphics.framework; sourceTree = SDKROOT; };
		7762E8541AE9163300D8DA97 /* CoreLocation.framework */ = {isa = PBXFileReference; lastKnownFileType = wrapper.framework; name = CoreLocation.framework; path = System/Library/Frameworks/CoreLocation.framework; sourceTree = SDKROOT; };
		7762E8561AE9164A00D8DA97 /* MobileCoreServices.framework */ = {isa = PBXFileReference; lastKnownFileType = wrapper.framework; name = MobileCoreServices.framework; path = System/Library/Frameworks/MobileCoreServices.framework; sourceTree = SDKROOT; };
		7762E8581AE9165600D8DA97 /* QuartzCore.framework */ = {isa = PBXFileReference; lastKnownFileType = wrapper.framework; name = QuartzCore.framework; path = System/Library/Frameworks/QuartzCore.framework; sourceTree = SDKROOT; };
		7762E85A1AE9166400D8DA97 /* Security.framework */ = {isa = PBXFileReference; lastKnownFileType = wrapper.framework; name = Security.framework; path = System/Library/Frameworks/Security.framework; sourceTree = SDKROOT; };
		7762E85C1AE9166B00D8DA97 /* StoreKit.framework */ = {isa = PBXFileReference; lastKnownFileType = wrapper.framework; name = StoreKit.framework; path = System/Library/Frameworks/StoreKit.framework; sourceTree = SDKROOT; };
		7762E85E1AE9167C00D8DA97 /* SystemConfiguration.framework */ = {isa = PBXFileReference; lastKnownFileType = wrapper.framework; name = SystemConfiguration.framework; path = System/Library/Frameworks/SystemConfiguration.framework; sourceTree = SDKROOT; };
		7762E8601AE9169100D8DA97 /* libz.dylib */ = {isa = PBXFileReference; lastKnownFileType = "compiled.mach-o.dylib"; name = libz.dylib; path = usr/lib/libz.dylib; sourceTree = SDKROOT; };
		7762E8621AE916A600D8DA97 /* libsqlite3.dylib */ = {isa = PBXFileReference; lastKnownFileType = "compiled.mach-o.dylib"; name = libsqlite3.dylib; path = usr/lib/libsqlite3.dylib; sourceTree = SDKROOT; };
		7762E8641AE9171900D8DA97 /* SnapApp-Bridging-Header.h */ = {isa = PBXFileReference; lastKnownFileType = sourcecode.c.h; path = "SnapApp-Bridging-Header.h"; sourceTree = "<group>"; };
		7762E86B1AE9182800D8DA97 /* SnapApp WatchKit Extension.appex */ = {isa = PBXFileReference; explicitFileType = "wrapper.app-extension"; includeInIndex = 0; path = "SnapApp WatchKit Extension.appex"; sourceTree = BUILT_PRODUCTS_DIR; };
		7762E86E1AE9182800D8DA97 /* Info.plist */ = {isa = PBXFileReference; lastKnownFileType = text.plist.xml; path = Info.plist; sourceTree = "<group>"; };
		7762E86F1AE9182800D8DA97 /* PushNotificationPayload.apns */ = {isa = PBXFileReference; lastKnownFileType = text; path = PushNotificationPayload.apns; sourceTree = "<group>"; };
		7762E8701AE9182800D8DA97 /* InterfaceController.swift */ = {isa = PBXFileReference; lastKnownFileType = sourcecode.swift; path = InterfaceController.swift; sourceTree = "<group>"; };
		7762E8721AE9182800D8DA97 /* NotificationController.swift */ = {isa = PBXFileReference; lastKnownFileType = sourcecode.swift; path = NotificationController.swift; sourceTree = "<group>"; };
		7762E8741AE9182800D8DA97 /* Images.xcassets */ = {isa = PBXFileReference; lastKnownFileType = folder.assetcatalog; path = Images.xcassets; sourceTree = "<group>"; };
		7762E8781AE9182800D8DA97 /* SnapApp WatchKit App.app */ = {isa = PBXFileReference; explicitFileType = wrapper.application; includeInIndex = 0; path = "SnapApp WatchKit App.app"; sourceTree = BUILT_PRODUCTS_DIR; };
		7762E87E1AE9182800D8DA97 /* Info.plist */ = {isa = PBXFileReference; lastKnownFileType = text.plist.xml; path = Info.plist; sourceTree = "<group>"; };
		7762E8801AE9182800D8DA97 /* Base */ = {isa = PBXFileReference; lastKnownFileType = file.storyboard; name = Base; path = Base.lproj/Interface.storyboard; sourceTree = "<group>"; };
		7762E8821AE9182800D8DA97 /* Images.xcassets */ = {isa = PBXFileReference; lastKnownFileType = folder.assetcatalog; path = Images.xcassets; sourceTree = "<group>"; };
		779CF8021AEDEED50010434B /* tableInterfaceController.swift */ = {isa = PBXFileReference; fileEncoding = 4; lastKnownFileType = sourcecode.swift; path = tableInterfaceController.swift; sourceTree = "<group>"; };
		779CF8041AEDF0250010434B /* tableRowController.swift */ = {isa = PBXFileReference; fileEncoding = 4; lastKnownFileType = sourcecode.swift; path = tableRowController.swift; sourceTree = "<group>"; };
/* End PBXFileReference section */

/* Begin PBXFrameworksBuildPhase section */
		7762E81A1AE9159D00D8DA97 /* Frameworks */ = {
			isa = PBXFrameworksBuildPhase;
			buildActionMask = 2147483647;
			files = (
				7762E8631AE916A600D8DA97 /* libsqlite3.dylib in Frameworks */,
				7762E8611AE9169100D8DA97 /* libz.dylib in Frameworks */,
				7762E85F1AE9167C00D8DA97 /* SystemConfiguration.framework in Frameworks */,
				7762E85D1AE9166B00D8DA97 /* StoreKit.framework in Frameworks */,
				7762E85B1AE9166400D8DA97 /* Security.framework in Frameworks */,
				7762E8591AE9165600D8DA97 /* QuartzCore.framework in Frameworks */,
				7762E8571AE9164A00D8DA97 /* MobileCoreServices.framework in Frameworks */,
				7762E8551AE9163300D8DA97 /* CoreLocation.framework in Frameworks */,
				7762E8531AE9162900D8DA97 /* CoreGraphics.framework in Frameworks */,
				7762E8511AE9161B00D8DA97 /* CFNetwork.framework in Frameworks */,
				7762E84F1AE9161400D8DA97 /* AudioToolbox.framework in Frameworks */,
				7762E84D1AE915E400D8DA97 /* ParseUI.framework in Frameworks */,
				7762E8491AE915E400D8DA97 /* Parse.framework in Frameworks */,
				7762E84A1AE915E400D8DA97 /* ParseCrashReporting.framework in Frameworks */,
				7762E84B1AE915E400D8DA97 /* ParseFacebookUtils.framework in Frameworks */,
				7762E8481AE915E400D8DA97 /* Bolts.framework in Frameworks */,
				7762E84C1AE915E400D8DA97 /* ParseFacebookUtilsV4.framework in Frameworks */,
			);
			runOnlyForDeploymentPostprocessing = 0;
		};
		7762E82F1AE9159D00D8DA97 /* Frameworks */ = {
			isa = PBXFrameworksBuildPhase;
			buildActionMask = 2147483647;
			files = (
			);
			runOnlyForDeploymentPostprocessing = 0;
		};
		7762E8681AE9182800D8DA97 /* Frameworks */ = {
			isa = PBXFrameworksBuildPhase;
			buildActionMask = 2147483647;
			files = (
			);
			runOnlyForDeploymentPostprocessing = 0;
		};
/* End PBXFrameworksBuildPhase section */

/* Begin PBXGroup section */
		7762E8141AE9159D00D8DA97 = {
			isa = PBXGroup;
			children = (
				7762E8621AE916A600D8DA97 /* libsqlite3.dylib */,
				7762E8601AE9169100D8DA97 /* libz.dylib */,
				7762E85E1AE9167C00D8DA97 /* SystemConfiguration.framework */,
				7762E85C1AE9166B00D8DA97 /* StoreKit.framework */,
				7762E85A1AE9166400D8DA97 /* Security.framework */,
				7762E8581AE9165600D8DA97 /* QuartzCore.framework */,
				7762E8561AE9164A00D8DA97 /* MobileCoreServices.framework */,
				7762E8541AE9163300D8DA97 /* CoreLocation.framework */,
				7762E8521AE9162900D8DA97 /* CoreGraphics.framework */,
				7762E8501AE9161B00D8DA97 /* CFNetwork.framework */,
				7762E84E1AE9161400D8DA97 /* AudioToolbox.framework */,
				7762E8421AE915E400D8DA97 /* Bolts.framework */,
				7762E8431AE915E400D8DA97 /* Parse.framework */,
				7762E8441AE915E400D8DA97 /* ParseCrashReporting.framework */,
				7762E8451AE915E400D8DA97 /* ParseFacebookUtils.framework */,
				7762E8461AE915E400D8DA97 /* ParseFacebookUtilsV4.framework */,
				7762E8471AE915E400D8DA97 /* ParseUI.framework */,
				7762E81F1AE9159D00D8DA97 /* SnapApp */,
				7762E8351AE9159D00D8DA97 /* SnapAppTests */,
				7762E86C1AE9182800D8DA97 /* SnapApp WatchKit Extension */,
				7762E87C1AE9182800D8DA97 /* SnapApp WatchKit App */,
				7762E81E1AE9159D00D8DA97 /* Products */,
			);
			sourceTree = "<group>";
		};
		7762E81E1AE9159D00D8DA97 /* Products */ = {
			isa = PBXGroup;
			children = (
				7762E81D1AE9159D00D8DA97 /* SnapApp.app */,
				7762E8321AE9159D00D8DA97 /* SnapAppTests.xctest */,
				7762E86B1AE9182800D8DA97 /* SnapApp WatchKit Extension.appex */,
				7762E8781AE9182800D8DA97 /* SnapApp WatchKit App.app */,
			);
			name = Products;
			sourceTree = "<group>";
		};
		7762E81F1AE9159D00D8DA97 /* SnapApp */ = {
			isa = PBXGroup;
			children = (
				7762E8221AE9159D00D8DA97 /* AppDelegate.swift */,
				77063EC61AEAA70E004DFBF8 /* LoggedInViewController.swift */,
				7762E8241AE9159D00D8DA97 /* ViewController.swift */,
				7762E8261AE9159D00D8DA97 /* Main.storyboard */,
				7762E8291AE9159D00D8DA97 /* Images.xcassets */,
				7762E82B1AE9159D00D8DA97 /* LaunchScreen.xib */,
				7762E8201AE9159D00D8DA97 /* Supporting Files */,
				7762E8641AE9171900D8DA97 /* SnapApp-Bridging-Header.h */,
			);
			path = SnapApp;
			sourceTree = "<group>";
		};
		7762E8201AE9159D00D8DA97 /* Supporting Files */ = {
			isa = PBXGroup;
			children = (
				7762E8211AE9159D00D8DA97 /* Info.plist */,
			);
			name = "Supporting Files";
			sourceTree = "<group>";
		};
		7762E8351AE9159D00D8DA97 /* SnapAppTests */ = {
			isa = PBXGroup;
			children = (
				7762E8381AE9159D00D8DA97 /* SnapAppTests.swift */,
				7762E8361AE9159D00D8DA97 /* Supporting Files */,
			);
			path = SnapAppTests;
			sourceTree = "<group>";
		};
		7762E8361AE9159D00D8DA97 /* Supporting Files */ = {
			isa = PBXGroup;
			children = (
				7762E8371AE9159D00D8DA97 /* Info.plist */,
			);
			name = "Supporting Files";
			sourceTree = "<group>";
		};
		7762E86C1AE9182800D8DA97 /* SnapApp WatchKit Extension */ = {
			isa = PBXGroup;
			children = (
				7762E8701AE9182800D8DA97 /* InterfaceController.swift */,
				7762E8721AE9182800D8DA97 /* NotificationController.swift */,
				779CF8021AEDEED50010434B /* tableInterfaceController.swift */,
				779CF8041AEDF0250010434B /* tableRowController.swift */,
				7762E8741AE9182800D8DA97 /* Images.xcassets */,
				7762E86D1AE9182800D8DA97 /* Supporting Files */,
			);
			path = "SnapApp WatchKit Extension";
			sourceTree = "<group>";
		};
		7762E86D1AE9182800D8DA97 /* Supporting Files */ = {
			isa = PBXGroup;
			children = (
				7762E86E1AE9182800D8DA97 /* Info.plist */,
				7762E86F1AE9182800D8DA97 /* PushNotificationPayload.apns */,
			);
			name = "Supporting Files";
			sourceTree = "<group>";
		};
		7762E87C1AE9182800D8DA97 /* SnapApp WatchKit App */ = {
			isa = PBXGroup;
			children = (
				7762E87F1AE9182800D8DA97 /* Interface.storyboard */,
				7762E8821AE9182800D8DA97 /* Images.xcassets */,
				7762E87D1AE9182800D8DA97 /* Supporting Files */,
			);
			path = "SnapApp WatchKit App";
			sourceTree = "<group>";
		};
		7762E87D1AE9182800D8DA97 /* Supporting Files */ = {
			isa = PBXGroup;
			children = (
				7762E87E1AE9182800D8DA97 /* Info.plist */,
			);
			name = "Supporting Files";
			sourceTree = "<group>";
		};
/* End PBXGroup section */

/* Begin PBXNativeTarget section */
		7762E81C1AE9159D00D8DA97 /* SnapApp */ = {
			isa = PBXNativeTarget;
			buildConfigurationList = 7762E83C1AE9159D00D8DA97 /* Build configuration list for PBXNativeTarget "SnapApp" */;
			buildPhases = (
				7762E8191AE9159D00D8DA97 /* Sources */,
				7762E81A1AE9159D00D8DA97 /* Frameworks */,
				7762E81B1AE9159D00D8DA97 /* Resources */,
				7762E8861AE9182800D8DA97 /* Embed App Extensions */,
			);
			buildRules = (
			);
			dependencies = (
				7762E8851AE9182800D8DA97 /* PBXTargetDependency */,
			);
			name = SnapApp;
			productName = SnapApp;
			productReference = 7762E81D1AE9159D00D8DA97 /* SnapApp.app */;
			productType = "com.apple.product-type.application";
		};
		7762E8311AE9159D00D8DA97 /* SnapAppTests */ = {
			isa = PBXNativeTarget;
			buildConfigurationList = 7762E83F1AE9159D00D8DA97 /* Build configuration list for PBXNativeTarget "SnapAppTests" */;
			buildPhases = (
				7762E82E1AE9159D00D8DA97 /* Sources */,
				7762E82F1AE9159D00D8DA97 /* Frameworks */,
				7762E8301AE9159D00D8DA97 /* Resources */,
			);
			buildRules = (
			);
			dependencies = (
				7762E8341AE9159D00D8DA97 /* PBXTargetDependency */,
			);
			name = SnapAppTests;
			productName = SnapAppTests;
			productReference = 7762E8321AE9159D00D8DA97 /* SnapAppTests.xctest */;
			productType = "com.apple.product-type.bundle.unit-test";
		};
		7762E86A1AE9182800D8DA97 /* SnapApp WatchKit Extension */ = {
			isa = PBXNativeTarget;
			buildConfigurationList = 7762E88B1AE9182800D8DA97 /* Build configuration list for PBXNativeTarget "SnapApp WatchKit Extension" */;
			buildPhases = (
				7762E8671AE9182800D8DA97 /* Sources */,
				7762E8681AE9182800D8DA97 /* Frameworks */,
				7762E8691AE9182800D8DA97 /* Resources */,
			);
			buildRules = (
			);
			dependencies = (
				7762E87B1AE9182800D8DA97 /* PBXTargetDependency */,
			);
			name = "SnapApp WatchKit Extension";
			productName = "SnapApp WatchKit Extension";
			productReference = 7762E86B1AE9182800D8DA97 /* SnapApp WatchKit Extension.appex */;
			productType = "com.apple.product-type.watchkit-extension";
		};
		7762E8771AE9182800D8DA97 /* SnapApp WatchKit App */ = {
			isa = PBXNativeTarget;
			buildConfigurationList = 7762E8881AE9182800D8DA97 /* Build configuration list for PBXNativeTarget "SnapApp WatchKit App" */;
			buildPhases = (
				7762E8761AE9182800D8DA97 /* Resources */,
			);
			buildRules = (
			);
			dependencies = (
			);
			name = "SnapApp WatchKit App";
			productName = "SnapApp WatchKit App";
			productReference = 7762E8781AE9182800D8DA97 /* SnapApp WatchKit App.app */;
			productType = "com.apple.product-type.application.watchapp";
		};
/* End PBXNativeTarget section */

/* Begin PBXProject section */
		7762E8151AE9159D00D8DA97 /* Project object */ = {
			isa = PBXProject;
			attributes = {
				LastUpgradeCheck = 0630;
				ORGANIZATIONNAME = "Rommel Rico";
				TargetAttributes = {
					7762E81C1AE9159D00D8DA97 = {
						CreatedOnToolsVersion = 6.3;
					};
					7762E8311AE9159D00D8DA97 = {
						CreatedOnToolsVersion = 6.3;
						TestTargetID = 7762E81C1AE9159D00D8DA97;
					};
					7762E86A1AE9182800D8DA97 = {
						CreatedOnToolsVersion = 6.3;
					};
					7762E8771AE9182800D8DA97 = {
						CreatedOnToolsVersion = 6.3;
					};
				};
			};
			buildConfigurationList = 7762E8181AE9159D00D8DA97 /* Build configuration list for PBXProject "SnapApp" */;
			compatibilityVersion = "Xcode 3.2";
			developmentRegion = English;
			hasScannedForEncodings = 0;
			knownRegions = (
				en,
				Base,
			);
			mainGroup = 7762E8141AE9159D00D8DA97;
			productRefGroup = 7762E81E1AE9159D00D8DA97 /* Products */;
			projectDirPath = "";
			projectRoot = "";
			targets = (
				7762E81C1AE9159D00D8DA97 /* SnapApp */,
				7762E8311AE9159D00D8DA97 /* SnapAppTests */,
				7762E86A1AE9182800D8DA97 /* SnapApp WatchKit Extension */,
				7762E8771AE9182800D8DA97 /* SnapApp WatchKit App */,
			);
		};
/* End PBXProject section */

/* Begin PBXResourcesBuildPhase section */
		7762E81B1AE9159D00D8DA97 /* Resources */ = {
			isa = PBXResourcesBuildPhase;
			buildActionMask = 2147483647;
			files = (
				7762E8281AE9159D00D8DA97 /* Main.storyboard in Resources */,
				7762E82D1AE9159D00D8DA97 /* LaunchScreen.xib in Resources */,
				7762E82A1AE9159D00D8DA97 /* Images.xcassets in Resources */,
			);
			runOnlyForDeploymentPostprocessing = 0;
		};
		7762E8301AE9159D00D8DA97 /* Resources */ = {
			isa = PBXResourcesBuildPhase;
			buildActionMask = 2147483647;
			files = (
			);
			runOnlyForDeploymentPostprocessing = 0;
		};
		7762E8691AE9182800D8DA97 /* Resources */ = {
			isa = PBXResourcesBuildPhase;
			buildActionMask = 2147483647;
			files = (
				7762E8791AE9182800D8DA97 /* SnapApp WatchKit App.app in Resources */,
				7762E8751AE9182800D8DA97 /* Images.xcassets in Resources */,
			);
			runOnlyForDeploymentPostprocessing = 0;
		};
		7762E8761AE9182800D8DA97 /* Resources */ = {
			isa = PBXResourcesBuildPhase;
			buildActionMask = 2147483647;
			files = (
				7762E8811AE9182800D8DA97 /* Interface.storyboard in Resources */,
				7762E8831AE9182800D8DA97 /* Images.xcassets in Resources */,
			);
			runOnlyForDeploymentPostprocessing = 0;
		};
/* End PBXResourcesBuildPhase section */

/* Begin PBXSourcesBuildPhase section */
		7762E8191AE9159D00D8DA97 /* Sources */ = {
			isa = PBXSourcesBuildPhase;
			buildActionMask = 2147483647;
			files = (
				77063EC71AEAA70E004DFBF8 /* LoggedInViewController.swift in Sources */,
				7762E8251AE9159D00D8DA97 /* ViewController.swift in Sources */,
				7762E8231AE9159D00D8DA97 /* AppDelegate.swift in Sources */,
			);
			runOnlyForDeploymentPostprocessing = 0;
		};
		7762E82E1AE9159D00D8DA97 /* Sources */ = {
			isa = PBXSourcesBuildPhase;
			buildActionMask = 2147483647;
			files = (
				7762E8391AE9159D00D8DA97 /* SnapAppTests.swift in Sources */,
			);
			runOnlyForDeploymentPostprocessing = 0;
		};
		7762E8671AE9182800D8DA97 /* Sources */ = {
			isa = PBXSourcesBuildPhase;
			buildActionMask = 2147483647;
			files = (
				7762E8731AE9182800D8DA97 /* NotificationController.swift in Sources */,
				7762E8711AE9182800D8DA97 /* InterfaceController.swift in Sources */,
				779CF8031AEDEED50010434B /* tableInterfaceController.swift in Sources */,
				779CF8051AEDF0250010434B /* tableRowController.swift in Sources */,
			);
			runOnlyForDeploymentPostprocessing = 0;
		};
/* End PBXSourcesBuildPhase section */

/* Begin PBXTargetDependency section */
		7762E8341AE9159D00D8DA97 /* PBXTargetDependency */ = {
			isa = PBXTargetDependency;
			target = 7762E81C1AE9159D00D8DA97 /* SnapApp */;
			targetProxy = 7762E8331AE9159D00D8DA97 /* PBXContainerItemProxy */;
		};
		7762E87B1AE9182800D8DA97 /* PBXTargetDependency */ = {
			isa = PBXTargetDependency;
			target = 7762E8771AE9182800D8DA97 /* SnapApp WatchKit App */;
			targetProxy = 7762E87A1AE9182800D8DA97 /* PBXContainerItemProxy */;
		};
		7762E8851AE9182800D8DA97 /* PBXTargetDependency */ = {
			isa = PBXTargetDependency;
			target = 7762E86A1AE9182800D8DA97 /* SnapApp WatchKit Extension */;
			targetProxy = 7762E8841AE9182800D8DA97 /* PBXContainerItemProxy */;
		};
/* End PBXTargetDependency section */

/* Begin PBXVariantGroup section */
		7762E8261AE9159D00D8DA97 /* Main.storyboard */ = {
			isa = PBXVariantGroup;
			children = (
				7762E8271AE9159D00D8DA97 /* Base */,
			);
			name = Main.storyboard;
			sourceTree = "<group>";
		};
		7762E82B1AE9159D00D8DA97 /* LaunchScreen.xib */ = {
			isa = PBXVariantGroup;
			children = (
				7762E82C1AE9159D00D8DA97 /* Base */,
			);
			name = LaunchScreen.xib;
			sourceTree = "<group>";
		};
		7762E87F1AE9182800D8DA97 /* Interface.storyboard */ = {
			isa = PBXVariantGroup;
			children = (
				7762E8801AE9182800D8DA97 /* Base */,
			);
			name = Interface.storyboard;
			sourceTree = "<group>";
		};
/* End PBXVariantGroup section */

/* Begin XCBuildConfiguration section */
		7762E83A1AE9159D00D8DA97 /* Debug */ = {
			isa = XCBuildConfiguration;
			buildSettings = {
				ALWAYS_SEARCH_USER_PATHS = NO;
				CLANG_CXX_LANGUAGE_STANDARD = "gnu++0x";
				CLANG_CXX_LIBRARY = "libc++";
				CLANG_ENABLE_MODULES = YES;
				CLANG_ENABLE_OBJC_ARC = YES;
				CLANG_WARN_BOOL_CONVERSION = YES;
				CLANG_WARN_CONSTANT_CONVERSION = YES;
				CLANG_WARN_DIRECT_OBJC_ISA_USAGE = YES_ERROR;
				CLANG_WARN_EMPTY_BODY = YES;
				CLANG_WARN_ENUM_CONVERSION = YES;
				CLANG_WARN_INT_CONVERSION = YES;
				CLANG_WARN_OBJC_ROOT_CLASS = YES_ERROR;
				CLANG_WARN_UNREACHABLE_CODE = YES;
				CLANG_WARN__DUPLICATE_METHOD_MATCH = YES;
				"CODE_SIGN_IDENTITY[sdk=iphoneos*]" = "iPhone Developer";
				COPY_PHASE_STRIP = NO;
				DEBUG_INFORMATION_FORMAT = "dwarf-with-dsym";
				ENABLE_STRICT_OBJC_MSGSEND = YES;
				GCC_C_LANGUAGE_STANDARD = gnu99;
				GCC_DYNAMIC_NO_PIC = NO;
				GCC_NO_COMMON_BLOCKS = YES;
				GCC_OPTIMIZATION_LEVEL = 0;
				GCC_PREPROCESSOR_DEFINITIONS = (
					"DEBUG=1",
					"$(inherited)",
				);
				GCC_SYMBOLS_PRIVATE_EXTERN = NO;
				GCC_WARN_64_TO_32_BIT_CONVERSION = YES;
				GCC_WARN_ABOUT_RETURN_TYPE = YES_ERROR;
				GCC_WARN_UNDECLARED_SELECTOR = YES;
				GCC_WARN_UNINITIALIZED_AUTOS = YES_AGGRESSIVE;
				GCC_WARN_UNUSED_FUNCTION = YES;
				GCC_WARN_UNUSED_VARIABLE = YES;
				IPHONEOS_DEPLOYMENT_TARGET = 8.3;
				MTL_ENABLE_DEBUG_INFO = YES;
				ONLY_ACTIVE_ARCH = YES;
				SDKROOT = iphoneos;
				SWIFT_OPTIMIZATION_LEVEL = "-Onone";
			};
			name = Debug;
		};
		7762E83B1AE9159D00D8DA97 /* Release */ = {
			isa = XCBuildConfiguration;
			buildSettings = {
				ALWAYS_SEARCH_USER_PATHS = NO;
				CLANG_CXX_LANGUAGE_STANDARD = "gnu++0x";
				CLANG_CXX_LIBRARY = "libc++";
				CLANG_ENABLE_MODULES = YES;
				CLANG_ENABLE_OBJC_ARC = YES;
				CLANG_WARN_BOOL_CONVERSION = YES;
				CLANG_WARN_CONSTANT_CONVERSION = YES;
				CLANG_WARN_DIRECT_OBJC_ISA_USAGE = YES_ERROR;
				CLANG_WARN_EMPTY_BODY = YES;
				CLANG_WARN_ENUM_CONVERSION = YES;
				CLANG_WARN_INT_CONVERSION = YES;
				CLANG_WARN_OBJC_ROOT_CLASS = YES_ERROR;
				CLANG_WARN_UNREACHABLE_CODE = YES;
				CLANG_WARN__DUPLICATE_METHOD_MATCH = YES;
				"CODE_SIGN_IDENTITY[sdk=iphoneos*]" = "iPhone Developer";
				COPY_PHASE_STRIP = NO;
				DEBUG_INFORMATION_FORMAT = "dwarf-with-dsym";
				ENABLE_NS_ASSERTIONS = NO;
				ENABLE_STRICT_OBJC_MSGSEND = YES;
				GCC_C_LANGUAGE_STANDARD = gnu99;
				GCC_NO_COMMON_BLOCKS = YES;
				GCC_WARN_64_TO_32_BIT_CONVERSION = YES;
				GCC_WARN_ABOUT_RETURN_TYPE = YES_ERROR;
				GCC_WARN_UNDECLARED_SELECTOR = YES;
				GCC_WARN_UNINITIALIZED_AUTOS = YES_AGGRESSIVE;
				GCC_WARN_UNUSED_FUNCTION = YES;
				GCC_WARN_UNUSED_VARIABLE = YES;
				IPHONEOS_DEPLOYMENT_TARGET = 8.3;
				MTL_ENABLE_DEBUG_INFO = NO;
				SDKROOT = iphoneos;
				VALIDATE_PRODUCT = YES;
			};
			name = Release;
		};
		7762E83D1AE9159D00D8DA97 /* Debug */ = {
			isa = XCBuildConfiguration;
			buildSettings = {
				ASSETCATALOG_COMPILER_APPICON_NAME = AppIcon;
				CLANG_ENABLE_MODULES = YES;
				FRAMEWORK_SEARCH_PATHS = (
					"$(inherited)",
					"$(PROJECT_DIR)",
				);
				INFOPLIST_FILE = SnapApp/Info.plist;
				LD_RUNPATH_SEARCH_PATHS = "$(inherited) @executable_path/Frameworks";
				PRODUCT_NAME = "$(TARGET_NAME)";
				SWIFT_OBJC_BRIDGING_HEADER = "SnapApp/SnapApp-Bridging-Header.h";
				SWIFT_OPTIMIZATION_LEVEL = "-Onone";
			};
			name = Debug;
		};
		7762E83E1AE9159D00D8DA97 /* Release */ = {
			isa = XCBuildConfiguration;
			buildSettings = {
				ASSETCATALOG_COMPILER_APPICON_NAME = AppIcon;
				CLANG_ENABLE_MODULES = YES;
				FRAMEWORK_SEARCH_PATHS = (
					"$(inherited)",
					"$(PROJECT_DIR)",
				);
				INFOPLIST_FILE = SnapApp/Info.plist;
				LD_RUNPATH_SEARCH_PATHS = "$(inherited) @executable_path/Frameworks";
				PRODUCT_NAME = "$(TARGET_NAME)";
				SWIFT_OBJC_BRIDGING_HEADER = "SnapApp/SnapApp-Bridging-Header.h";
			};
			name = Release;
		};
		7762E8401AE9159D00D8DA97 /* Debug */ = {
			isa = XCBuildConfiguration;
			buildSettings = {
				BUNDLE_LOADER = "$(TEST_HOST)";
				FRAMEWORK_SEARCH_PATHS = (
					"$(SDKROOT)/Developer/Library/Frameworks",
					"$(inherited)",
				);
				GCC_PREPROCESSOR_DEFINITIONS = (
					"DEBUG=1",
					"$(inherited)",
				);
				INFOPLIST_FILE = SnapAppTests/Info.plist;
				LD_RUNPATH_SEARCH_PATHS = "$(inherited) @executable_path/Frameworks @loader_path/Frameworks";
				PRODUCT_NAME = "$(TARGET_NAME)";
				TEST_HOST = "$(BUILT_PRODUCTS_DIR)/SnapApp.app/SnapApp";
			};
			name = Debug;
		};
		7762E8411AE9159D00D8DA97 /* Release */ = {
			isa = XCBuildConfiguration;
			buildSettings = {
				BUNDLE_LOADER = "$(TEST_HOST)";
				FRAMEWORK_SEARCH_PATHS = (
					"$(SDKROOT)/Developer/Library/Frameworks",
					"$(inherited)",
				);
				INFOPLIST_FILE = SnapAppTests/Info.plist;
				LD_RUNPATH_SEARCH_PATHS = "$(inherited) @executable_path/Frameworks @loader_path/Frameworks";
				PRODUCT_NAME = "$(TARGET_NAME)";
				TEST_HOST = "$(BUILT_PRODUCTS_DIR)/SnapApp.app/SnapApp";
			};
			name = Release;
		};
		7762E8891AE9182800D8DA97 /* Debug */ = {
			isa = XCBuildConfiguration;
			buildSettings = {
				ASSETCATALOG_COMPILER_APPICON_NAME = AppIcon;
				GCC_PREPROCESSOR_DEFINITIONS = (
					"DEBUG=1",
					"$(inherited)",
				);
				IBSC_MODULE = SnapApp_WatchKit_Extension;
				INFOPLIST_FILE = "SnapApp WatchKit App/Info.plist";
				IPHONEOS_DEPLOYMENT_TARGET = 8.2;
				PRODUCT_NAME = "$(TARGET_NAME)";
				SKIP_INSTALL = YES;
				TARGETED_DEVICE_FAMILY = 4;
				"TARGETED_DEVICE_FAMILY[sdk=iphonesimulator*]" = "1,4";
			};
			name = Debug;
		};
		7762E88A1AE9182800D8DA97 /* Release */ = {
			isa = XCBuildConfiguration;
			buildSettings = {
				ASSETCATALOG_COMPILER_APPICON_NAME = AppIcon;
				IBSC_MODULE = SnapApp_WatchKit_Extension;
				INFOPLIST_FILE = "SnapApp WatchKit App/Info.plist";
				IPHONEOS_DEPLOYMENT_TARGET = 8.2;
				PRODUCT_NAME = "$(TARGET_NAME)";
				SKIP_INSTALL = YES;
				TARGETED_DEVICE_FAMILY = 4;
				"TARGETED_DEVICE_FAMILY[sdk=iphonesimulator*]" = "1,4";
			};
			name = Release;
		};
		7762E88C1AE9182800D8DA97 /* Debug */ = {
			isa = XCBuildConfiguration;
			buildSettings = {
				GCC_PREPROCESSOR_DEFINITIONS = (
					"DEBUG=1",
					"$(inherited)",
				);
				INFOPLIST_FILE = "SnapApp WatchKit Extension/Info.plist";
				LD_RUNPATH_SEARCH_PATHS = "$(inherited) @executable_path/Frameworks @executable_path/../../Frameworks";
				PRODUCT_NAME = "${TARGET_NAME}";
				SKIP_INSTALL = YES;
			};
			name = Debug;
		};
		7762E88D1AE9182800D8DA97 /* Release */ = {
			isa = XCBuildConfiguration;
			buildSettings = {
				INFOPLIST_FILE = "SnapApp WatchKit Extension/Info.plist";
				LD_RUNPATH_SEARCH_PATHS = "$(inherited) @executable_path/Frameworks @executable_path/../../Frameworks";
				PRODUCT_NAME = "${TARGET_NAME}";
				SKIP_INSTALL = YES;
			};
			name = Release;
		};
/* End XCBuildConfiguration section */

/* Begin XCConfigurationList section */
		7762E8181AE9159D00D8DA97 /* Build configuration list for PBXProject "SnapApp" */ = {
			isa = XCConfigurationList;
			buildConfigurations = (
				7762E83A1AE9159D00D8DA97 /* Debug */,
				7762E83B1AE9159D00D8DA97 /* Release */,
			);
			defaultConfigurationIsVisible = 0;
			defaultConfigurationName = Release;
		};
		7762E83C1AE9159D00D8DA97 /* Build configuration list for PBXNativeTarget "SnapApp" */ = {
			isa = XCConfigurationList;
			buildConfigurations = (
				7762E83D1AE9159D00D8DA97 /* Debug */,
				7762E83E1AE9159D00D8DA97 /* Release */,
			);
			defaultConfigurationIsVisible = 0;
			defaultConfigurationName = Release;
		};
		7762E83F1AE9159D00D8DA97 /* Build configuration list for PBXNativeTarget "SnapAppTests" */ = {
			isa = XCConfigurationList;
			buildConfigurations = (
				7762E8401AE9159D00D8DA97 /* Debug */,
				7762E8411AE9159D00D8DA97 /* Release */,
			);
			defaultConfigurationIsVisible = 0;
			defaultConfigurationName = Release;
		};
		7762E8881AE9182800D8DA97 /* Build configuration list for PBXNativeTarget "SnapApp WatchKit App" */ = {
			isa = XCConfigurationList;
			buildConfigurations = (
				7762E8891AE9182800D8DA97 /* Debug */,
				7762E88A1AE9182800D8DA97 /* Release */,
			);
			defaultConfigurationIsVisible = 0;
			defaultConfigurationName = Release;
		};
		7762E88B1AE9182800D8DA97 /* Build configuration list for PBXNativeTarget "SnapApp WatchKit Extension" */ = {
			isa = XCConfigurationList;
			buildConfigurations = (
				7762E88C1AE9182800D8DA97 /* Debug */,
				7762E88D1AE9182800D8DA97 /* Release */,
			);
			defaultConfigurationIsVisible = 0;
			defaultConfigurationName = Release;
		};
/* End XCConfigurationList section */
	};
	rootObject = 7762E8151AE9159D00D8DA97 /* Project object */;
}
